
Microsoft Visual Studio Solution File, Format Version 12.00
# Visual Studio 15
VisualStudioVersion = 15.0.27004.2009
MinimumVisualStudioVersion = 10.0.40219.1
Project("{FAE04EC0-301F-11D3-BF4B-00C04F79EFBC}") = "Logger", "Logger\Logger.csproj", "{2AF2D9E5-81A0-4E22-97F1-82AF23A93F3C}"
EndProject
Global
	GlobalSection(SolutionConfigurationPlatforms) = preSolution
		Debug|Any CPU = Debug|Any CPU
		Release|Any CPU = Release|Any CPU
	EndGlobalSection
	GlobalSection(ProjectConfigurationPlatforms) = postSolution
		{2AF2D9E5-81A0-4E22-97F1-82AF23A93F3C}.Debug|Any CPU.ActiveCfg = Debug|Any CPU
		{2AF2D9E5-81A0-4E22-97F1-82AF23A93F3C}.Debug|Any CPU.Build.0 = Debug|Any CPU
		{2AF2D9E5-81A0-4E22-97F1-82AF23A93F3C}.Release|Any CPU.ActiveCfg = Release|Any CPU
		{2AF2D9E5-81A0-4E22-97F1-82AF23A93F3C}.Release|Any CPU.Build.0 = Release|Any CPU
	EndGlobalSection
	GlobalSection(SolutionProperties) = preSolution
		HideSolutionNode = FALSE
	EndGlobalSection
	GlobalSection(ExtensibilityGlobals) = postSolution
		SolutionGuid = {49E4E42C-0C60-4FE7-B955-92E1818A2145}
	EndGlobalSection
EndGlobal
